{
  "name": "perkins-logic-controller",
  "version": "1.0.0",
  "lockfileVersion": 1,
  "requires": true,
  "dependencies": {
    "nodes7": {
      "version": "0.3.8",
      "resolved": "https://registry.npmjs.org/nodes7/-/nodes7-0.3.8.tgz",
      "integrity": "sha512-WIwItFc7dH7ERQXCUpZDpLRPfvBSK2yy4gGi1bZ3ZE6F5cIQz6RGggvaHMovM4gZM0TZ65FFr0wLdTTIlIgTsQ=="
    }
  }
}
